<?xml version="1.0" encoding="utf-8"?>
<Project ToolsVersion="4.0" xmlns="http://schemas.microsoft.com/developer/msbuild/2003">
  <ItemGroup>
    <Filter Include="Source Files">
      <UniqueIdentifier>{4FC737F1-C7A5-4376-A066-2A32D752A2FF}</UniqueIdentifier>
      <Extensions>cpp;c;cc;cxx;c++;cppm;ixx;def;odl;idl;hpj;bat;asm;asmx</Extensions>
    </Filter>
    <Filter Include="Header Files">
      <UniqueIdentifier>{93995380-89BD-4b04-88EB-625FBE52EBFB}</UniqueIdentifier>
      <Extensions>h;hh;hpp;hxx;h++;hm;inl;inc;ipp;xsd</Extensions>
    </Filter>
    <Filter Include="Resource Files">
      <UniqueIdentifier>{67DA6AB6-F800-4c08-8B7A-83BB121AAD01}</UniqueIdentifier>
      <Extensions>rc;ico;cur;bmp;dlg;rc2;rct;bin;rgs;gif;jpg;jpeg;jpe;resx;tiff;tif;png;wav;mfcribbon-ms</Extensions>
    </Filter>
    <Filter Include="Source Files\ImGUI">
      <UniqueIdentifier>{44d5638b-5c0e-47f8-9c5b-e3151807bc70}</UniqueIdentifier>
    </Filter>
    <Filter Include="Header Files\ImGUI">
      <UniqueIdentifier>{600c8152-3c81-4d69-9a04-31414701957b}</UniqueIdentifier>
    </Filter>
    <Filter Include="Header Files\assetkit">
      <UniqueIdentifier>{da382bda-fc52-4be8-8008-32c5d5559fc6}</UniqueIdentifier>
    </Filter>
    <Filter Include="Resource Files\shaders">
      <UniqueIdentifier>{fbcfd41b-3445-42ce-9c31-9520c509706a}</UniqueIdentifier>
    </Filter>
    <Filter Include="Resource Files\shaders\vertex">
      <UniqueIdentifier>{59f7ff6f-d05d-487c-b59e-65695b0e567f}</UniqueIdentifier>
    </Filter>
    <Filter Include="Header Files\ds">
      <UniqueIdentifier>{ee78a6cd-a909-47e0-bc52-196fde750da5}</UniqueIdentifier>
    </Filter>
    <Filter Include="Header Files\spdlog">
      <UniqueIdentifier>{176e3a4f-2c61-44e1-8fe0-d2dc6b50688e}</UniqueIdentifier>
    </Filter>
    <Filter Include="Header Files\spdlog\sinks">
      <UniqueIdentifier>{71d43e69-b8ef-4bbb-84da-b2b08d4f4bbb}</UniqueIdentifier>
    </Filter>
    <Filter Include="Header Files\spdlog\cfg">
      <UniqueIdentifier>{8a1b80c0-04f7-4a33-ab10-fb2c995e1a3c}</UniqueIdentifier>
    </Filter>
    <Filter Include="Header Files\spdlog\details">
      <UniqueIdentifier>{80012814-51d5-44e3-a5d2-3c67be4d90fc}</UniqueIdentifier>
    </Filter>
    <Filter Include="Header Files\spdlog\fmt">
      <UniqueIdentifier>{1e86ce3c-1dea-4e78-8d1d-d9ea7a5d68b9}</UniqueIdentifier>
    </Filter>
    <Filter Include="Header Files\spdlog\fmt\bundled">
      <UniqueIdentifier>{b975358a-c0e2-4a78-84fa-3e5b252a0951}</UniqueIdentifier>
    </Filter>
    <Filter Include="Resource Files\models">
      <UniqueIdentifier>{9077801d-00b3-4ccd-ba29-887ce9db439b}</UniqueIdentifier>
    </Filter>
    <Filter Include="Resource Files\shaders\fragment">
      <UniqueIdentifier>{8e116d15-54f5-43da-a554-47f5067104de}</UniqueIdentifier>
    </Filter>
    <Filter Include="Resource Files\models\cube">
      <UniqueIdentifier>{40725da3-cf9a-4eec-a2e1-5662f4c83098}</UniqueIdentifier>
    </Filter>
    <Filter Include="Resource Files\models\DamageHelmet">
      <UniqueIdentifier>{0e9f6b2e-0881-47ba-885c-60c38f5e4e41}</UniqueIdentifier>
    </Filter>
    <Filter Include="Resource Files\models\Latern">
      <UniqueIdentifier>{ccace2a5-d912-4d10-b398-0aa82b384665}</UniqueIdentifier>
    </Filter>
    <Filter Include="Resource Files\models\Sample2">
      <UniqueIdentifier>{82fd8b40-e1d5-4651-b8cc-c8f295b143fc}</UniqueIdentifier>
    </Filter>
    <Filter Include="Resource Files\models\Environment">
      <UniqueIdentifier>{c49fff85-1456-495e-835a-8e037e5cda79}</UniqueIdentifier>
    </Filter>
    <Filter Include="Resource Files\models\Ship_in_Clouds">
      <UniqueIdentifier>{40aee057-1fa1-4b51-9be8-68033eec49cd}</UniqueIdentifier>
    </Filter>
    <Filter Include="Resource Files\models\Volkswagen">
      <UniqueIdentifier>{b8098380-dbc5-4019-acd9-deae31a235b7}</UniqueIdentifier>
    </Filter>
    <Filter Include="Resource Files\logs">
      <UniqueIdentifier>{5918f1d6-1ce7-4bbd-9bd5-efbc97b34651}</UniqueIdentifier>
    </Filter>
  </ItemGroup>
  <ItemGroup>
    <ClCompile Include="VolumetricLighting.cpp">
      <Filter>Source Files</Filter>
    </ClCompile>
    <ClCompile Include="src\imgui\imgui_widgets.cpp">
      <Filter>Source Files\ImGUI</Filter>
    </ClCompile>
    <ClCompile Include="src\imgui\imgui.cpp">
      <Filter>Source Files\ImGUI</Filter>
    </ClCompile>
    <ClCompile Include="src\imgui\imgui_demo.cpp">
      <Filter>Source Files\ImGUI</Filter>
    </ClCompile>
    <ClCompile Include="src\imgui\imgui_draw.cpp">
      <Filter>Source Files\ImGUI</Filter>
    </ClCompile>
    <ClCompile Include="src\imgui\backends\imgui_impl_glfw.cpp">
      <Filter>Source Files\ImGUI</Filter>
    </ClCompile>
    <ClCompile Include="src\imgui\backends\imgui_impl_opengl3.cpp">
      <Filter>Source Files\ImGUI</Filter>
    </ClCompile>
    <ClCompile Include="src\imgui\imgui_tables.cpp">
      <Filter>Source Files\ImGUI</Filter>
    </ClCompile>
    <ClCompile Include="GUI.cpp">
      <Filter>Source Files</Filter>
    </ClCompile>
    <ClCompile Include="Debug.cpp">
      <Filter>Source Files</Filter>
    </ClCompile>
    <ClCompile Include="Draw.cpp">
      <Filter>Source Files</Filter>
    </ClCompile>
    <ClCompile Include="IO.cpp">
      <Filter>Source Files</Filter>
    </ClCompile>
    <ClCompile Include="Tools.cpp">
      <Filter>Source Files</Filter>
    </ClCompile>
    <ClCompile Include="Models.cpp">
      <Filter>Source Files</Filter>
    </ClCompile>
  </ItemGroup>
  <ItemGroup>
    <ClInclude Include="src\imgui\imconfig.h">
      <Filter>Header Files\ImGUI</Filter>
    </ClInclude>
    <ClInclude Include="src\imgui\imgui.h">
      <Filter>Header Files\ImGUI</Filter>
    </ClInclude>
    <ClInclude Include="src\imgui\backends\imgui_impl_glfw.h">
      <Filter>Header Files\ImGUI</Filter>
    </ClInclude>
    <ClInclude Include="src\imgui\backends\imgui_impl_opengl3.h">
      <Filter>Header Files\ImGUI</Filter>
    </ClInclude>
    <ClInclude Include="src\imgui\imgui_internal.h">
      <Filter>Header Files\ImGUI</Filter>
    </ClInclude>
    <ClInclude Include="src\imgui\imstb_rectpack.h">
      <Filter>Header Files\ImGUI</Filter>
    </ClInclude>
    <ClInclude Include="src\imgui\imstb_textedit.h">
      <Filter>Header Files\ImGUI</Filter>
    </ClInclude>
    <ClInclude Include="src\imgui\imstb_truetype.h">
      <Filter>Header Files\ImGUI</Filter>
    </ClInclude>
    <ClInclude Include="GUI.h">
      <Filter>Header Files</Filter>
    </ClInclude>
    <ClInclude Include="Debug.h">
      <Filter>Header Files</Filter>
    </ClInclude>
    <ClInclude Include="Draw.h">
      <Filter>Header Files</Filter>
    </ClInclude>
    <ClInclude Include="include\ak\core-types.h">
      <Filter>Header Files\assetkit</Filter>
    </ClInclude>
    <ClInclude Include="include\ak\assetkit.h">
      <Filter>Header Files\assetkit</Filter>
    </ClInclude>
    <ClInclude Include="include\ak\bbox.h">
      <Filter>Header Files\assetkit</Filter>
    </ClInclude>
    <ClInclude Include="include\ak\cam.h">
      <Filter>Header Files\assetkit</Filter>
    </ClInclude>
    <ClInclude Include="include\ak\common.h">
      <Filter>Header Files\assetkit</Filter>
    </ClInclude>
    <ClInclude Include="include\ak\context.h">
      <Filter>Header Files\assetkit</Filter>
    </ClInclude>
    <ClInclude Include="include\ak\controller.h">
      <Filter>Header Files\assetkit</Filter>
    </ClInclude>
    <ClInclude Include="include\ak\coord.h">
      <Filter>Header Files\assetkit</Filter>
    </ClInclude>
    <ClInclude Include="include\ak\coord-util.h">
      <Filter>Header Files\assetkit</Filter>
    </ClInclude>
    <ClInclude Include="include\ak\animation.h">
      <Filter>Header Files\assetkit</Filter>
    </ClInclude>
    <ClInclude Include="include\ak\geom.h">
      <Filter>Header Files\assetkit</Filter>
    </ClInclude>
    <ClInclude Include="include\ak\image.h">
      <Filter>Header Files\assetkit</Filter>
    </ClInclude>
    <ClInclude Include="include\ak\instance.h">
      <Filter>Header Files\assetkit</Filter>
    </ClInclude>
    <ClInclude Include="include\ak\library.h">
      <Filter>Header Files\assetkit</Filter>
    </ClInclude>
    <ClInclude Include="include\ak\light.h">
      <Filter>Header Files\assetkit</Filter>
    </ClInclude>
    <ClInclude Include="include\ak\map.h">
      <Filter>Header Files\assetkit</Filter>
    </ClInclude>
    <ClInclude Include="include\ak\material.h">
      <Filter>Header Files\assetkit</Filter>
    </ClInclude>
    <ClInclude Include="include\ak\memory.h">
      <Filter>Header Files\assetkit</Filter>
    </ClInclude>
    <ClInclude Include="include\ak\node.h">
      <Filter>Header Files\assetkit</Filter>
    </ClInclude>
    <ClInclude Include="include\ak\options.h">
      <Filter>Header Files\assetkit</Filter>
    </ClInclude>
    <ClInclude Include="include\ak\path.h">
      <Filter>Header Files\assetkit</Filter>
    </ClInclude>
    <ClInclude Include="include\ak\profile.h">
      <Filter>Header Files\assetkit</Filter>
    </ClInclude>
    <ClInclude Include="include\ak\sid.h">
      <Filter>Header Files\assetkit</Filter>
    </ClInclude>
    <ClInclude Include="include\ak\source.h">
      <Filter>Header Files\assetkit</Filter>
    </ClInclude>
    <ClInclude Include="include\ak\string.h">
      <Filter>Header Files\assetkit</Filter>
    </ClInclude>
    <ClInclude Include="include\ak\texture.h">
      <Filter>Header Files\assetkit</Filter>
    </ClInclude>
    <ClInclude Include="include\ak\transform.h">
      <Filter>Header Files\assetkit</Filter>
    </ClInclude>
    <ClInclude Include="include\ak\trash.h">
      <Filter>Header Files\assetkit</Filter>
    </ClInclude>
    <ClInclude Include="include\ak\type.h">
      <Filter>Header Files\assetkit</Filter>
    </ClInclude>
    <ClInclude Include="include\ak\url.h">
      <Filter>Header Files\assetkit</Filter>
    </ClInclude>
    <ClInclude Include="include\ak\util.h">
      <Filter>Header Files\assetkit</Filter>
    </ClInclude>
    <ClInclude Include="include\ak\version.h">
      <Filter>Header Files\assetkit</Filter>
    </ClInclude>
    <ClInclude Include="src\stb\stb_image.h">
      <Filter>Header Files</Filter>
    </ClInclude>
    <ClInclude Include="include\ds\allocator.h">
      <Filter>Header Files\ds</Filter>
    </ClInclude>
    <ClInclude Include="include\ds\common.h">
      <Filter>Header Files\ds</Filter>
    </ClInclude>
    <ClInclude Include="include\ds\forward-list-common.h">
      <Filter>Header Files\ds</Filter>
    </ClInclude>
    <ClInclude Include="include\ds\forward-list-sep.h">
      <Filter>Header Files\ds</Filter>
    </ClInclude>
    <ClInclude Include="include\ds\forward-list.h">
      <Filter>Header Files\ds</Filter>
    </ClInclude>
    <ClInclude Include="include\ds\hash-funcs.h">
      <Filter>Header Files\ds</Filter>
    </ClInclude>
    <ClInclude Include="include\ds\hash.h">
      <Filter>Header Files\ds</Filter>
    </ClInclude>
    <ClInclude Include="include\ds\rb.h">
      <Filter>Header Files\ds</Filter>
    </ClInclude>
    <ClInclude Include="include\ds\sort.h">
      <Filter>Header Files\ds</Filter>
    </ClInclude>
    <ClInclude Include="include\ds\util.h">
      <Filter>Header Files\ds</Filter>
    </ClInclude>
    <ClInclude Include="include\ds\version.h">
      <Filter>Header Files\ds</Filter>
    </ClInclude>
    <ClInclude Include="VolumetricLighting.h">
      <Filter>Header Files</Filter>
    </ClInclude>
    <ClInclude Include="src\spdlog-1.x\include\spdlog\formatter.h">
      <Filter>Header Files\spdlog</Filter>
    </ClInclude>
    <ClInclude Include="src\spdlog-1.x\include\spdlog\fwd.h">
      <Filter>Header Files\spdlog</Filter>
    </ClInclude>
    <ClInclude Include="src\spdlog-1.x\include\spdlog\logger.h">
      <Filter>Header Files\spdlog</Filter>
    </ClInclude>
    <ClInclude Include="src\spdlog-1.x\include\spdlog\logger-inl.h">
      <Filter>Header Files\spdlog</Filter>
    </ClInclude>
    <ClInclude Include="src\spdlog-1.x\include\spdlog\pattern_formatter.h">
      <Filter>Header Files\spdlog</Filter>
    </ClInclude>
    <ClInclude Include="src\spdlog-1.x\include\spdlog\pattern_formatter-inl.h">
      <Filter>Header Files\spdlog</Filter>
    </ClInclude>
    <ClInclude Include="src\spdlog-1.x\include\spdlog\spdlog.h">
      <Filter>Header Files\spdlog</Filter>
    </ClInclude>
    <ClInclude Include="src\spdlog-1.x\include\spdlog\spdlog-inl.h">
      <Filter>Header Files\spdlog</Filter>
    </ClInclude>
    <ClInclude Include="src\spdlog-1.x\include\spdlog\stopwatch.h">
      <Filter>Header Files\spdlog</Filter>
    </ClInclude>
    <ClInclude Include="src\spdlog-1.x\include\spdlog\tweakme.h">
      <Filter>Header Files\spdlog</Filter>
    </ClInclude>
    <ClInclude Include="src\spdlog-1.x\include\spdlog\version.h">
      <Filter>Header Files\spdlog</Filter>
    </ClInclude>
    <ClInclude Include="src\spdlog-1.x\include\spdlog\async.h">
      <Filter>Header Files\spdlog</Filter>
    </ClInclude>
    <ClInclude Include="src\spdlog-1.x\include\spdlog\async_logger.h">
      <Filter>Header Files\spdlog</Filter>
    </ClInclude>
    <ClInclude Include="src\spdlog-1.x\include\spdlog\async_logger-inl.h">
      <Filter>Header Files\spdlog</Filter>
    </ClInclude>
    <ClInclude Include="src\spdlog-1.x\include\spdlog\common.h">
      <Filter>Header Files\spdlog</Filter>
    </ClInclude>
    <ClInclude Include="src\spdlog-1.x\include\spdlog\common-inl.h">
      <Filter>Header Files\spdlog</Filter>
    </ClInclude>
    <ClInclude Include="src\spdlog-1.x\include\spdlog\sinks\ringbuffer_sink.h">
      <Filter>Header Files\spdlog\sinks</Filter>
    </ClInclude>
    <ClInclude Include="src\spdlog-1.x\include\spdlog\sinks\rotating_file_sink.h">
      <Filter>Header Files\spdlog\sinks</Filter>
    </ClInclude>
    <ClInclude Include="src\spdlog-1.x\include\spdlog\sinks\rotating_file_sink-inl.h">
      <Filter>Header Files\spdlog\sinks</Filter>
    </ClInclude>
    <ClInclude Include="src\spdlog-1.x\include\spdlog\sinks\sink.h">
      <Filter>Header Files\spdlog\sinks</Filter>
    </ClInclude>
    <ClInclude Include="src\spdlog-1.x\include\spdlog\sinks\sink-inl.h">
      <Filter>Header Files\spdlog\sinks</Filter>
    </ClInclude>
    <ClInclude Include="src\spdlog-1.x\include\spdlog\sinks\stdout_color_sinks.h">
      <Filter>Header Files\spdlog\sinks</Filter>
    </ClInclude>
    <ClInclude Include="src\spdlog-1.x\include\spdlog\sinks\stdout_color_sinks-inl.h">
      <Filter>Header Files\spdlog\sinks</Filter>
    </ClInclude>
    <ClInclude Include="src\spdlog-1.x\include\spdlog\sinks\stdout_sinks.h">
      <Filter>Header Files\spdlog\sinks</Filter>
    </ClInclude>
    <ClInclude Include="src\spdlog-1.x\include\spdlog\sinks\stdout_sinks-inl.h">
      <Filter>Header Files\spdlog\sinks</Filter>
    </ClInclude>
    <ClInclude Include="src\spdlog-1.x\include\spdlog\sinks\syslog_sink.h">
      <Filter>Header Files\spdlog\sinks</Filter>
    </ClInclude>
    <ClInclude Include="src\spdlog-1.x\include\spdlog\sinks\systemd_sink.h">
      <Filter>Header Files\spdlog\sinks</Filter>
    </ClInclude>
    <ClInclude Include="src\spdlog-1.x\include\spdlog\sinks\tcp_sink.h">
      <Filter>Header Files\spdlog\sinks</Filter>
    </ClInclude>
    <ClInclude Include="src\spdlog-1.x\include\spdlog\sinks\udp_sink.h">
      <Filter>Header Files\spdlog\sinks</Filter>
    </ClInclude>
    <ClInclude Include="src\spdlog-1.x\include\spdlog\sinks\win_eventlog_sink.h">
      <Filter>Header Files\spdlog\sinks</Filter>
    </ClInclude>
    <ClInclude Include="src\spdlog-1.x\include\spdlog\sinks\wincolor_sink.h">
      <Filter>Header Files\spdlog\sinks</Filter>
    </ClInclude>
    <ClInclude Include="src\spdlog-1.x\include\spdlog\sinks\wincolor_sink-inl.h">
      <Filter>Header Files\spdlog\sinks</Filter>
    </ClInclude>
    <ClInclude Include="src\spdlog-1.x\include\spdlog\sinks\android_sink.h">
      <Filter>Header Files\spdlog\sinks</Filter>
    </ClInclude>
    <ClInclude Include="src\spdlog-1.x\include\spdlog\sinks\ansicolor_sink.h">
      <Filter>Header Files\spdlog\sinks</Filter>
    </ClInclude>
    <ClInclude Include="src\spdlog-1.x\include\spdlog\sinks\ansicolor_sink-inl.h">
      <Filter>Header Files\spdlog\sinks</Filter>
    </ClInclude>
    <ClInclude Include="src\spdlog-1.x\include\spdlog\sinks\base_sink.h">
      <Filter>Header Files\spdlog\sinks</Filter>
    </ClInclude>
    <ClInclude Include="src\spdlog-1.x\include\spdlog\sinks\base_sink-inl.h">
      <Filter>Header Files\spdlog\sinks</Filter>
    </ClInclude>
    <ClInclude Include="src\spdlog-1.x\include\spdlog\sinks\basic_file_sink.h">
      <Filter>Header Files\spdlog\sinks</Filter>
    </ClInclude>
    <ClInclude Include="src\spdlog-1.x\include\spdlog\sinks\basic_file_sink-inl.h">
      <Filter>Header Files\spdlog\sinks</Filter>
    </ClInclude>
    <ClInclude Include="src\spdlog-1.x\include\spdlog\sinks\callback_sink.h">
      <Filter>Header Files\spdlog\sinks</Filter>
    </ClInclude>
    <ClInclude Include="src\spdlog-1.x\include\spdlog\sinks\daily_file_sink.h">
      <Filter>Header Files\spdlog\sinks</Filter>
    </ClInclude>
    <ClInclude Include="src\spdlog-1.x\include\spdlog\sinks\dist_sink.h">
      <Filter>Header Files\spdlog\sinks</Filter>
    </ClInclude>
    <ClInclude Include="src\spdlog-1.x\include\spdlog\sinks\dup_filter_sink.h">
      <Filter>Header Files\spdlog\sinks</Filter>
    </ClInclude>
    <ClInclude Include="src\spdlog-1.x\include\spdlog\sinks\hourly_file_sink.h">
      <Filter>Header Files\spdlog\sinks</Filter>
    </ClInclude>
    <ClInclude Include="src\spdlog-1.x\include\spdlog\sinks\kafka_sink.h">
      <Filter>Header Files\spdlog\sinks</Filter>
    </ClInclude>
    <ClInclude Include="src\spdlog-1.x\include\spdlog\sinks\mongo_sink.h">
      <Filter>Header Files\spdlog\sinks</Filter>
    </ClInclude>
    <ClInclude Include="src\spdlog-1.x\include\spdlog\sinks\msvc_sink.h">
      <Filter>Header Files\spdlog\sinks</Filter>
    </ClInclude>
    <ClInclude Include="src\spdlog-1.x\include\spdlog\sinks\null_sink.h">
      <Filter>Header Files\spdlog\sinks</Filter>
    </ClInclude>
    <ClInclude Include="src\spdlog-1.x\include\spdlog\sinks\ostream_sink.h">
      <Filter>Header Files\spdlog\sinks</Filter>
    </ClInclude>
    <ClInclude Include="src\spdlog-1.x\include\spdlog\sinks\qt_sinks.h">
      <Filter>Header Files\spdlog\sinks</Filter>
    </ClInclude>
    <ClInclude Include="src\spdlog-1.x\include\spdlog\details\fmt_helper.h">
      <Filter>Header Files\spdlog\details</Filter>
    </ClInclude>
    <ClInclude Include="src\spdlog-1.x\include\spdlog\details\log_msg.h">
      <Filter>Header Files\spdlog\details</Filter>
    </ClInclude>
    <ClInclude Include="src\spdlog-1.x\include\spdlog\details\log_msg_buffer.h">
      <Filter>Header Files\spdlog\details</Filter>
    </ClInclude>
    <ClInclude Include="src\spdlog-1.x\include\spdlog\details\log_msg_buffer-inl.h">
      <Filter>Header Files\spdlog\details</Filter>
    </ClInclude>
    <ClInclude Include="src\spdlog-1.x\include\spdlog\details\log_msg-inl.h">
      <Filter>Header Files\spdlog\details</Filter>
    </ClInclude>
    <ClInclude Include="src\spdlog-1.x\include\spdlog\details\mpmc_blocking_q.h">
      <Filter>Header Files\spdlog\details</Filter>
    </ClInclude>
    <ClInclude Include="src\spdlog-1.x\include\spdlog\details\null_mutex.h">
      <Filter>Header Files\spdlog\details</Filter>
    </ClInclude>
    <ClInclude Include="src\spdlog-1.x\include\spdlog\details\os.h">
      <Filter>Header Files\spdlog\details</Filter>
    </ClInclude>
    <ClInclude Include="src\spdlog-1.x\include\spdlog\details\os-inl.h">
      <Filter>Header Files\spdlog\details</Filter>
    </ClInclude>
    <ClInclude Include="src\spdlog-1.x\include\spdlog\details\periodic_worker.h">
      <Filter>Header Files\spdlog\details</Filter>
    </ClInclude>
    <ClInclude Include="src\spdlog-1.x\include\spdlog\details\periodic_worker-inl.h">
      <Filter>Header Files\spdlog\details</Filter>
    </ClInclude>
    <ClInclude Include="src\spdlog-1.x\include\spdlog\details\registry.h">
      <Filter>Header Files\spdlog\details</Filter>
    </ClInclude>
    <ClInclude Include="src\spdlog-1.x\include\spdlog\details\registry-inl.h">
      <Filter>Header Files\spdlog\details</Filter>
    </ClInclude>
    <ClInclude Include="src\spdlog-1.x\include\spdlog\details\synchronous_factory.h">
      <Filter>Header Files\spdlog\details</Filter>
    </ClInclude>
    <ClInclude Include="src\spdlog-1.x\include\spdlog\details\tcp_client.h">
      <Filter>Header Files\spdlog\details</Filter>
    </ClInclude>
    <ClInclude Include="src\spdlog-1.x\include\spdlog\details\tcp_client-windows.h">
      <Filter>Header Files\spdlog\details</Filter>
    </ClInclude>
    <ClInclude Include="src\spdlog-1.x\include\spdlog\details\thread_pool.h">
      <Filter>Header Files\spdlog\details</Filter>
    </ClInclude>
    <ClInclude Include="src\spdlog-1.x\include\spdlog\details\thread_pool-inl.h">
      <Filter>Header Files\spdlog\details</Filter>
    </ClInclude>
    <ClInclude Include="src\spdlog-1.x\include\spdlog\details\udp_client.h">
      <Filter>Header Files\spdlog\details</Filter>
    </ClInclude>
    <ClInclude Include="src\spdlog-1.x\include\spdlog\details\udp_client-windows.h">
      <Filter>Header Files\spdlog\details</Filter>
    </ClInclude>
    <ClInclude Include="src\spdlog-1.x\include\spdlog\details\windows_include.h">
      <Filter>Header Files\spdlog\details</Filter>
    </ClInclude>
    <ClInclude Include="src\spdlog-1.x\include\spdlog\details\backtracer.h">
      <Filter>Header Files\spdlog\details</Filter>
    </ClInclude>
    <ClInclude Include="src\spdlog-1.x\include\spdlog\details\backtracer-inl.h">
      <Filter>Header Files\spdlog\details</Filter>
    </ClInclude>
    <ClInclude Include="src\spdlog-1.x\include\spdlog\details\circular_q.h">
      <Filter>Header Files\spdlog\details</Filter>
    </ClInclude>
    <ClInclude Include="src\spdlog-1.x\include\spdlog\details\console_globals.h">
      <Filter>Header Files\spdlog\details</Filter>
    </ClInclude>
    <ClInclude Include="src\spdlog-1.x\include\spdlog\details\file_helper.h">
      <Filter>Header Files\spdlog\details</Filter>
    </ClInclude>
    <ClInclude Include="src\spdlog-1.x\include\spdlog\details\file_helper-inl.h">
      <Filter>Header Files\spdlog\details</Filter>
    </ClInclude>
    <ClInclude Include="src\spdlog-1.x\include\spdlog\cfg\argv.h">
      <Filter>Header Files\spdlog\cfg</Filter>
    </ClInclude>
    <ClInclude Include="src\spdlog-1.x\include\spdlog\cfg\env.h">
      <Filter>Header Files\spdlog\cfg</Filter>
    </ClInclude>
    <ClInclude Include="src\spdlog-1.x\include\spdlog\cfg\helpers.h">
      <Filter>Header Files\spdlog\cfg</Filter>
    </ClInclude>
    <ClInclude Include="src\spdlog-1.x\include\spdlog\cfg\helpers-inl.h">
      <Filter>Header Files\spdlog\cfg</Filter>
    </ClInclude>
    <ClInclude Include="src\spdlog-1.x\include\spdlog\fmt\bundled\format-inl.h">
      <Filter>Header Files\spdlog\fmt\bundled</Filter>
    </ClInclude>
    <ClInclude Include="src\spdlog-1.x\include\spdlog\fmt\bundled\locale.h">
      <Filter>Header Files\spdlog\fmt\bundled</Filter>
    </ClInclude>
    <ClInclude Include="src\spdlog-1.x\include\spdlog\fmt\bundled\os.h">
      <Filter>Header Files\spdlog\fmt\bundled</Filter>
    </ClInclude>
    <ClInclude Include="src\spdlog-1.x\include\spdlog\fmt\bundled\ostream.h">
      <Filter>Header Files\spdlog\fmt\bundled</Filter>
    </ClInclude>
    <ClInclude Include="src\spdlog-1.x\include\spdlog\fmt\bundled\printf.h">
      <Filter>Header Files\spdlog\fmt\bundled</Filter>
    </ClInclude>
    <ClInclude Include="src\spdlog-1.x\include\spdlog\fmt\bundled\ranges.h">
      <Filter>Header Files\spdlog\fmt\bundled</Filter>
    </ClInclude>
    <ClInclude Include="src\spdlog-1.x\include\spdlog\fmt\bundled\std.h">
      <Filter>Header Files\spdlog\fmt\bundled</Filter>
    </ClInclude>
    <ClInclude Include="src\spdlog-1.x\include\spdlog\fmt\bundled\xchar.h">
      <Filter>Header Files\spdlog\fmt\bundled</Filter>
    </ClInclude>
    <ClInclude Include="src\spdlog-1.x\include\spdlog\fmt\bundled\args.h">
      <Filter>Header Files\spdlog\fmt\bundled</Filter>
    </ClInclude>
    <ClInclude Include="src\spdlog-1.x\include\spdlog\fmt\bundled\chrono.h">
      <Filter>Header Files\spdlog\fmt\bundled</Filter>
    </ClInclude>
    <ClInclude Include="src\spdlog-1.x\include\spdlog\fmt\bundled\color.h">
      <Filter>Header Files\spdlog\fmt\bundled</Filter>
    </ClInclude>
    <ClInclude Include="src\spdlog-1.x\include\spdlog\fmt\bundled\compile.h">
      <Filter>Header Files\spdlog\fmt\bundled</Filter>
    </ClInclude>
    <ClInclude Include="src\spdlog-1.x\include\spdlog\fmt\bundled\core.h">
      <Filter>Header Files\spdlog\fmt\bundled</Filter>
    </ClInclude>
    <ClInclude Include="src\spdlog-1.x\include\spdlog\fmt\bundled\format.h">
      <Filter>Header Files\spdlog\fmt\bundled</Filter>
    </ClInclude>
    <ClInclude Include="src\spdlog-1.x\include\spdlog\fmt\bin_to_hex.h">
      <Filter>Header Files\spdlog\fmt</Filter>
    </ClInclude>
    <ClInclude Include="src\spdlog-1.x\include\spdlog\fmt\chrono.h">
      <Filter>Header Files\spdlog\fmt</Filter>
    </ClInclude>
    <ClInclude Include="src\spdlog-1.x\include\spdlog\fmt\compile.h">
      <Filter>Header Files\spdlog\fmt</Filter>
    </ClInclude>
    <ClInclude Include="src\spdlog-1.x\include\spdlog\fmt\fmt.h">
      <Filter>Header Files\spdlog\fmt</Filter>
    </ClInclude>
    <ClInclude Include="src\spdlog-1.x\include\spdlog\fmt\ostr.h">
      <Filter>Header Files\spdlog\fmt</Filter>
    </ClInclude>
    <ClInclude Include="src\spdlog-1.x\include\spdlog\fmt\ranges.h">
      <Filter>Header Files\spdlog\fmt</Filter>
    </ClInclude>
    <ClInclude Include="src\spdlog-1.x\include\spdlog\fmt\std.h">
      <Filter>Header Files\spdlog\fmt</Filter>
    </ClInclude>
    <ClInclude Include="src\spdlog-1.x\include\spdlog\fmt\xchar.h">
      <Filter>Header Files\spdlog\fmt</Filter>
    </ClInclude>
    <ClInclude Include="IO.h">
      <Filter>Header Files</Filter>
    </ClInclude>
    <ClInclude Include="pch.h">
      <Filter>Header Files</Filter>
    </ClInclude>
    <ClInclude Include="Models.h">
      <Filter>Header Files</Filter>
    </ClInclude>
  </ItemGroup>
  <ItemGroup>
    <None Include="res\shaders\environment_frag.glsl">
      <Filter>Resource Files\shaders\fragment</Filter>
    </None>
    <None Include="res\shaders\environment_vec.glsl">
      <Filter>Resource Files\shaders\vertex</Filter>
    </None>
    <None Include="res\shaders\depth_frag.glsl">
      <Filter>Resource Files\shaders\fragment</Filter>
    </None>
    <None Include="res\shaders\square_ver.glsl">
      <Filter>Resource Files\shaders\vertex</Filter>
    </None>
    <None Include="res\shaders\standard_vec.glsl">
      <Filter>Resource Files\shaders\vertex</Filter>
    </None>
    <None Include="src\spdlog-1.x\include\spdlog\fmt\bundled\fmt.license.rst">
      <Filter>Header Files\spdlog\fmt\bundled</Filter>
    </None>
    <None Include="res\models\cube\Cube.bin">
      <Filter>Resource Files\models\cube</Filter>
    </None>
    <None Include="res\models\cube\Cube.gltf">
      <Filter>Resource Files\models\cube</Filter>
    </None>
    <None Include="res\models\DamagedHelmet\DamagedHelmet.gltf">
      <Filter>Resource Files\models\DamageHelmet</Filter>
    </None>
    <None Include="res\models\DamagedHelmet\DamagedHelmet.bin">
      <Filter>Resource Files\models\DamageHelmet</Filter>
    </None>
    <None Include="res\models\environment\env_sphere.bin">
      <Filter>Resource Files\models\Environment</Filter>
    </None>
    <None Include="res\models\environment\env_sphere.gltf">
      <Filter>Resource Files\models\Environment</Filter>
    </None>
    <None Include="res\models\environment\env_test.bin">
      <Filter>Resource Files\models\Environment</Filter>
    </None>
    <None Include="res\models\environment\env_test.gltf">
      <Filter>Resource Files\models\Environment</Filter>
    </None>
    <None Include="res\models\environment\EveningEnvironmentHDRI002_4K-HDR.exr">
      <Filter>Resource Files\models\Environment</Filter>
    </None>
    <None Include="res\models\Latern\Lantern.gltf">
      <Filter>Resource Files\models\Latern</Filter>
    </None>
    <None Include="res\models\Latern\Lantern.bin">
      <Filter>Resource Files\models\Latern</Filter>
    </None>
    <None Include="res\models\sample2\scene.bin">
      <Filter>Resource Files\models\Sample2</Filter>
    </None>
    <None Include="res\models\sample2\scene.gltf">
      <Filter>Resource Files\models\Sample2</Filter>
    </None>
    <None Include="res\models\ship_in_clouds\scene.bin">
      <Filter>Resource Files\models\Ship_in_Clouds</Filter>
    </None>
    <None Include="res\models\ship_in_clouds\scene.gltf">
      <Filter>Resource Files\models\Ship_in_Clouds</Filter>
    </None>
    <None Include="res\models\volkswagen\scene.bin">
      <Filter>Resource Files\models\Volkswagen</Filter>
    </None>
    <None Include="res\models\volkswagen\scene.gltf">
      <Filter>Resource Files\models\Volkswagen</Filter>
    </None>
    <None Include="res\shaders\lamp_vec.glsl">
      <Filter>Resource Files\shaders\vertex</Filter>
    </None>
    <None Include="res\shaders\lamp_frag.glsl">
      <Filter>Resource Files\shaders\fragment</Filter>
    </None>
    <None Include="res\shaders\pbr_frag.glsl">
      <Filter>Resource Files\shaders\fragment</Filter>
    </None>
    <None Include="res\shaders\standard_frag.glsl">
      <Filter>Resource Files\shaders\fragment</Filter>
    </None>
    <None Include="res\shaders\std_with_ext_light_frag.glsl">
      <Filter>Resource Files\shaders\fragment</Filter>
    </None>
    <None Include="res\shaders\depth_ver.glsl">
      <Filter>Resource Files\shaders\vertex</Filter>
    </None>
    <None Include="res\shaders\pbr_with_ext_light_frag.glsl">
      <Filter>Resource Files\shaders\fragment</Filter>
    </None>
    <None Include="ClassDiagram.cd" />
  </ItemGroup>
  <ItemGroup>
    <Image Include="res\models\cube\Cube_MetallicRoughness.png">
      <Filter>Resource Files\models\cube</Filter>
    </Image>
    <Image Include="res\models\cube\Cube_BaseColor.png">
      <Filter>Resource Files\models\cube</Filter>
    </Image>
    <Image Include="res\models\DamagedHelmet\Default_albedo.jpg">
      <Filter>Resource Files\models\DamageHelmet</Filter>
    </Image>
    <Image Include="res\models\DamagedHelmet\Default_AO.jpg">
      <Filter>Resource Files\models\DamageHelmet</Filter>
    </Image>
    <Image Include="res\models\DamagedHelmet\Default_emissive.jpg">
      <Filter>Resource Files\models\DamageHelmet</Filter>
    </Image>
    <Image Include="res\models\DamagedHelmet\Default_metalRoughness.jpg">
      <Filter>Resource Files\models\DamageHelmet</Filter>
    </Image>
    <Image Include="res\models\DamagedHelmet\Default_normal.jpg">
      <Filter>Resource Files\models\DamageHelmet</Filter>
    </Image>
    <Image Include="res\models\environment\Environment.jpg">
      <Filter>Resource Files\models\Environment</Filter>
    </Image>
    <Image Include="res\models\Latern\Lantern_baseColor.png">
      <Filter>Resource Files\models\Latern</Filter>
    </Image>
    <Image Include="res\models\Latern\Lantern_emissive.png">
      <Filter>Resource Files\models\Latern</Filter>
    </Image>
    <Image Include="res\models\Latern\Lantern_normal.png">
      <Filter>Resource Files\models\Latern</Filter>
    </Image>
    <Image Include="res\models\Latern\Lantern_roughnessMetallic.png">
      <Filter>Resource Files\models\Latern</Filter>
    </Image>
    <Image Include="res\models\sample2\Untitled.png">
      <Filter>Resource Files\models\Sample2</Filter>
    </Image>
    <Image Include="res\models\ship_in_clouds\textures\Boot_Finaal_emissive.jpeg">
      <Filter>Resource Files\models\Ship_in_Clouds</Filter>
    </Image>
    <Image Include="res\models\ship_in_clouds\textures\Cloud_1_baseColor.png">
      <Filter>Resource Files\models\Ship_in_Clouds</Filter>
    </Image>
    <Image Include="res\models\ship_in_clouds\textures\Cloud_1_emissive.jpeg">
      <Filter>Resource Files\models\Ship_in_Clouds</Filter>
    </Image>
    <Image Include="res\models\ship_in_clouds\textures\Cloud_2_emissive.jpeg">
      <Filter>Resource Files\models\Ship_in_Clouds</Filter>
    </Image>
    <Image Include="res\models\ship_in_clouds\textures\Cloud_3_baseColor.png">
      <Filter>Resource Files\models\Ship_in_Clouds</Filter>
    </Image>
    <Image Include="res\models\ship_in_clouds\textures\Cloud_3_emissive.jpeg">
      <Filter>Resource Files\models\Ship_in_Clouds</Filter>
    </Image>
    <Image Include="res\models\ship_in_clouds\textures\material_emissive.jpeg">
      <Filter>Resource Files\models\Ship_in_Clouds</Filter>
    </Image>
    <Image Include="res\models\ship_in_clouds\textures\Poly_emissive.jpeg">
      <Filter>Resource Files\models\Ship_in_Clouds</Filter>
    </Image>
    <Image Include="res\models\volkswagen\textures\Grates_baseColor.png">
      <Filter>Resource Files\models\Volkswagen</Filter>
    </Image>
  </ItemGroup>
  <ItemGroup>
    <Text Include="res\models\ship_in_clouds\license.txt">
      <Filter>Resource Files\models\Ship_in_Clouds</Filter>
    </Text>
    <Text Include="res\models\volkswagen\license.txt">
      <Filter>Resource Files\models\Volkswagen</Filter>
    </Text>
    <Text Include="logs\basic-log.txt">
      <Filter>Resource Files\logs</Filter>
    </Text>
  </ItemGroup>
</Project>