<?xml version="1.0" encoding="utf-8"?>
<Project ToolsVersion="4.0" xmlns="http://schemas.microsoft.com/developer/msbuild/2003">
  <ItemGroup>
    <Filter Include="Source Files">
      <UniqueIdentifier>{4FC737F1-C7A5-4376-A066-2A32D752A2FF}</UniqueIdentifier>
      <Extensions>cpp;c;cc;cxx;c++;cppm;ixx;def;odl;idl;hpj;bat;asm;asmx</Extensions>
    </Filter>
    <Filter Include="Header Files">
      <UniqueIdentifier>{93995380-89BD-4b04-88EB-625FBE52EBFB}</UniqueIdentifier>
      <Extensions>h;hh;hpp;hxx;h++;hm;inl;inc;ipp;xsd</Extensions>
    </Filter>
    <Filter Include="Resource Files">
      <UniqueIdentifier>{67DA6AB6-F800-4c08-8B7A-83BB121AAD01}</UniqueIdentifier>
      <Extensions>rc;ico;cur;bmp;dlg;rc2;rct;bin;rgs;gif;jpg;jpeg;jpe;resx;tiff;tif;png;wav;mfcribbon-ms</Extensions>
    </Filter>
    <Filter Include="Source Files\ImGUI">
      <UniqueIdentifier>{44d5638b-5c0e-47f8-9c5b-e3151807bc70}</UniqueIdentifier>
    </Filter>
    <Filter Include="Header Files\ImGUI">
      <UniqueIdentifier>{600c8152-3c81-4d69-9a04-31414701957b}</UniqueIdentifier>
    </Filter>
    <Filter Include="Header Files\assetkit">
      <UniqueIdentifier>{da382bda-fc52-4be8-8008-32c5d5559fc6}</UniqueIdentifier>
    </Filter>
  </ItemGroup>
  <ItemGroup>
    <ClCompile Include="VolumetricLighting.cpp">
      <Filter>Source Files</Filter>
    </ClCompile>
    <ClCompile Include="src\imgui\imgui_widgets.cpp">
      <Filter>Source Files\ImGUI</Filter>
    </ClCompile>
    <ClCompile Include="src\imgui\imgui.cpp">
      <Filter>Source Files\ImGUI</Filter>
    </ClCompile>
    <ClCompile Include="src\imgui\imgui_demo.cpp">
      <Filter>Source Files\ImGUI</Filter>
    </ClCompile>
    <ClCompile Include="src\imgui\imgui_draw.cpp">
      <Filter>Source Files\ImGUI</Filter>
    </ClCompile>
    <ClCompile Include="src\imgui\backends\imgui_impl_glfw.cpp">
      <Filter>Source Files\ImGUI</Filter>
    </ClCompile>
    <ClCompile Include="src\imgui\backends\imgui_impl_opengl3.cpp">
      <Filter>Source Files\ImGUI</Filter>
    </ClCompile>
    <ClCompile Include="src\imgui\imgui_tables.cpp">
      <Filter>Source Files\ImGUI</Filter>
    </ClCompile>
    <ClCompile Include="GUI.cpp">
      <Filter>Source Files</Filter>
    </ClCompile>
    <ClCompile Include="Debug.cpp">
      <Filter>Source Files</Filter>
    </ClCompile>
    <ClCompile Include="Draw.cpp">
      <Filter>Source Files</Filter>
    </ClCompile>
  </ItemGroup>
  <ItemGroup>
    <ClInclude Include="src\imgui\imconfig.h">
      <Filter>Header Files\ImGUI</Filter>
    </ClInclude>
    <ClInclude Include="src\imgui\imgui.h">
      <Filter>Header Files\ImGUI</Filter>
    </ClInclude>
    <ClInclude Include="src\imgui\backends\imgui_impl_glfw.h">
      <Filter>Header Files\ImGUI</Filter>
    </ClInclude>
    <ClInclude Include="src\imgui\backends\imgui_impl_opengl3.h">
      <Filter>Header Files\ImGUI</Filter>
    </ClInclude>
    <ClInclude Include="src\imgui\imgui_internal.h">
      <Filter>Header Files\ImGUI</Filter>
    </ClInclude>
    <ClInclude Include="src\imgui\imstb_rectpack.h">
      <Filter>Header Files\ImGUI</Filter>
    </ClInclude>
    <ClInclude Include="src\imgui\imstb_textedit.h">
      <Filter>Header Files\ImGUI</Filter>
    </ClInclude>
    <ClInclude Include="src\imgui\imstb_truetype.h">
      <Filter>Header Files\ImGUI</Filter>
    </ClInclude>
    <ClInclude Include="GUI.h">
      <Filter>Header Files</Filter>
    </ClInclude>
    <ClInclude Include="Debug.h">
      <Filter>Header Files</Filter>
    </ClInclude>
    <ClInclude Include="Draw.h">
      <Filter>Header Files</Filter>
    </ClInclude>
    <ClInclude Include="include\ak\core-types.h">
      <Filter>Header Files\assetkit</Filter>
    </ClInclude>
    <ClInclude Include="include\ak\assetkit.h">
      <Filter>Header Files\assetkit</Filter>
    </ClInclude>
    <ClInclude Include="include\ak\bbox.h">
      <Filter>Header Files\assetkit</Filter>
    </ClInclude>
    <ClInclude Include="include\ak\cam.h">
      <Filter>Header Files\assetkit</Filter>
    </ClInclude>
    <ClInclude Include="include\ak\common.h">
      <Filter>Header Files\assetkit</Filter>
    </ClInclude>
    <ClInclude Include="include\ak\context.h">
      <Filter>Header Files\assetkit</Filter>
    </ClInclude>
    <ClInclude Include="include\ak\controller.h">
      <Filter>Header Files\assetkit</Filter>
    </ClInclude>
    <ClInclude Include="include\ak\coord.h">
      <Filter>Header Files\assetkit</Filter>
    </ClInclude>
    <ClInclude Include="include\ak\coord-util.h">
      <Filter>Header Files\assetkit</Filter>
    </ClInclude>
    <ClInclude Include="include\ak\animation.h">
      <Filter>Header Files\assetkit</Filter>
    </ClInclude>
    <ClInclude Include="include\ak\geom.h">
      <Filter>Header Files\assetkit</Filter>
    </ClInclude>
    <ClInclude Include="include\ak\image.h">
      <Filter>Header Files\assetkit</Filter>
    </ClInclude>
    <ClInclude Include="include\ak\instance.h">
      <Filter>Header Files\assetkit</Filter>
    </ClInclude>
    <ClInclude Include="include\ak\library.h">
      <Filter>Header Files\assetkit</Filter>
    </ClInclude>
    <ClInclude Include="include\ak\light.h">
      <Filter>Header Files\assetkit</Filter>
    </ClInclude>
    <ClInclude Include="include\ak\map.h">
      <Filter>Header Files\assetkit</Filter>
    </ClInclude>
    <ClInclude Include="include\ak\material.h">
      <Filter>Header Files\assetkit</Filter>
    </ClInclude>
    <ClInclude Include="include\ak\memory.h">
      <Filter>Header Files\assetkit</Filter>
    </ClInclude>
    <ClInclude Include="include\ak\node.h">
      <Filter>Header Files\assetkit</Filter>
    </ClInclude>
    <ClInclude Include="include\ak\options.h">
      <Filter>Header Files\assetkit</Filter>
    </ClInclude>
    <ClInclude Include="include\ak\path.h">
      <Filter>Header Files\assetkit</Filter>
    </ClInclude>
    <ClInclude Include="include\ak\profile.h">
      <Filter>Header Files\assetkit</Filter>
    </ClInclude>
    <ClInclude Include="include\ak\sid.h">
      <Filter>Header Files\assetkit</Filter>
    </ClInclude>
    <ClInclude Include="include\ak\source.h">
      <Filter>Header Files\assetkit</Filter>
    </ClInclude>
    <ClInclude Include="include\ak\string.h">
      <Filter>Header Files\assetkit</Filter>
    </ClInclude>
    <ClInclude Include="include\ak\texture.h">
      <Filter>Header Files\assetkit</Filter>
    </ClInclude>
    <ClInclude Include="include\ak\transform.h">
      <Filter>Header Files\assetkit</Filter>
    </ClInclude>
    <ClInclude Include="include\ak\trash.h">
      <Filter>Header Files\assetkit</Filter>
    </ClInclude>
    <ClInclude Include="include\ak\type.h">
      <Filter>Header Files\assetkit</Filter>
    </ClInclude>
    <ClInclude Include="include\ak\url.h">
      <Filter>Header Files\assetkit</Filter>
    </ClInclude>
    <ClInclude Include="include\ak\util.h">
      <Filter>Header Files\assetkit</Filter>
    </ClInclude>
    <ClInclude Include="include\ak\version.h">
      <Filter>Header Files\assetkit</Filter>
    </ClInclude>
    <ClInclude Include="src\stb\stb_image.h">
      <Filter>Header Files</Filter>
    </ClInclude>
    <ClInclude Include="GLEW.h">
      <Filter>Header Files</Filter>
    </ClInclude>
  </ItemGroup>
  <ItemGroup>
    <None Include="res\fragment.glsl">
      <Filter>Resource Files</Filter>
    </None>
    <None Include="res\vertex.glsl">
      <Filter>Resource Files</Filter>
    </None>
    <None Include="res\sample.gltf">
      <Filter>Resource Files</Filter>
    </None>
    <None Include="res\vertex2.glsl">
      <Filter>Resource Files</Filter>
    </None>
    <None Include="res\fragment2.glsl">
      <Filter>Resource Files</Filter>
    </None>
    <None Include="res\sample2.gltf">
      <Filter>Resource Files</Filter>
    </None>
  </ItemGroup>
</Project>